
Microsoft Visual Studio Solution File, Format Version 12.00
# Visual Studio Express 2013 for Windows Desktop
VisualStudioVersion = 12.0.21005.1
MinimumVisualStudioVersion = 10.0.40219.1
Project("{8BC9CEB8-8B4A-11D0-8D11-00A0C91BC942}") = "CoffeeTransact", "CoffeeTransact\CoffeeTransact.vcxproj", "{FA1A40E8-8B4D-4E87-A315-3D8964096326}"
EndProject
Project("{8BC9CEB8-8B4A-11D0-8D11-00A0C91BC942}") = "Test", "Test\Test.vcxproj", "{DDCABAE2-690B-4029-BA1D-9B7E6487C31D}"
EndProject
Project("{8BC9CEB8-8B4A-11D0-8D11-00A0C91BC942}") = "CoffeeDaemon", "CoffeeDaemon\CoffeeDaemon.vcxproj", "{5223DCD1-A99B-4F0B-A68A-274B3294D9A0}"
EndProject
Global
	GlobalSection(SolutionConfigurationPlatforms) = preSolution
		Debug|Win32 = Debug|Win32
		Release|Win32 = Release|Win32
	EndGlobalSection
	GlobalSection(ProjectConfigurationPlatforms) = postSolution
		{FA1A40E8-8B4D-4E87-A315-3D8964096326}.Debug|Win32.ActiveCfg = Debug|Win32
		{FA1A40E8-8B4D-4E87-A315-3D8964096326}.Debug|Win32.Build.0 = Debug|Win32
		{FA1A40E8-8B4D-4E87-A315-3D8964096326}.Release|Win32.ActiveCfg = Release|Win32
		{FA1A40E8-8B4D-4E87-A315-3D8964096326}.Release|Win32.Build.0 = Release|Win32
		{DDCABAE2-690B-4029-BA1D-9B7E6487C31D}.Debug|Win32.ActiveCfg = Debug|Win32
		{DDCABAE2-690B-4029-BA1D-9B7E6487C31D}.Debug|Win32.Build.0 = Debug|Win32
		{DDCABAE2-690B-4029-BA1D-9B7E6487C31D}.Release|Win32.ActiveCfg = Release|Win32
		{DDCABAE2-690B-4029-BA1D-9B7E6487C31D}.Release|Win32.Build.0 = Release|Win32
		{5223DCD1-A99B-4F0B-A68A-274B3294D9A0}.Debug|Win32.ActiveCfg = Debug|Win32
		{5223DCD1-A99B-4F0B-A68A-274B3294D9A0}.Debug|Win32.Build.0 = Debug|Win32
		{5223DCD1-A99B-4F0B-A68A-274B3294D9A0}.Release|Win32.ActiveCfg = Release|Win32
		{5223DCD1-A99B-4F0B-A68A-274B3294D9A0}.Release|Win32.Build.0 = Release|Win32
	EndGlobalSection
	GlobalSection(SolutionProperties) = preSolution
		HideSolutionNode = FALSE
	EndGlobalSection
EndGlobal
